PODS:
  - ModuleExample (0.1.0)

DEPENDENCIES:
  - "ModuleExample (from `git@github.com:gabizorzo/ModuleExample.git`, commit `3c406d5b3c80d9ec373527bf08940e4959978d9a`)"

EXTERNAL SOURCES:
  ModuleExample:
    :commit: 3c406d5b3c80d9ec373527bf08940e4959978d9a
    :git: "git@github.com:gabizorzo/ModuleExample.git"

CHECKOUT OPTIONS:
  ModuleExample:
    :commit: 3c406d5b3c80d9ec373527bf08940e4959978d9a
    :git: "git@github.com:gabizorzo/ModuleExample.git"

SPEC CHECKSUMS:
  ModuleExample: 5358ae741f12327a23b03186cf45c8475dacba5a

PODFILE CHECKSUM: 0e6966e4f033647dc4167da9e9c614ea552d0e66

COCOAPODS: 1.13.0
